
Microsoft Visual Studio Solution File, Format Version 12.00
# Visual Studio Version 17
VisualStudioVersion = 17.1.32407.343
MinimumVisualStudioVersion = 10.0.40219.1
Project("{FAE04EC0-301F-11D3-BF4B-00C04F79EFBC}") = "ProjectEuler", "ProjectEuler\ProjectEuler.csproj", "{7551C4FD-AF87-4D94-A1A0-99315953421B}"
EndProject
Global
	GlobalSection(SolutionConfigurationPlatforms) = preSolution
		Debug|Any CPU = Debug|Any CPU
		Release|Any CPU = Release|Any CPU
	EndGlobalSection
	GlobalSection(ProjectConfigurationPlatforms) = postSolution
		{7551C4FD-AF87-4D94-A1A0-99315953421B}.Debug|Any CPU.ActiveCfg = Debug|Any CPU
		{7551C4FD-AF87-4D94-A1A0-99315953421B}.Debug|Any CPU.Build.0 = Debug|Any CPU
		{7551C4FD-AF87-4D94-A1A0-99315953421B}.Release|Any CPU.ActiveCfg = Release|Any CPU
		{7551C4FD-AF87-4D94-A1A0-99315953421B}.Release|Any CPU.Build.0 = Release|Any CPU
	EndGlobalSection
	GlobalSection(SolutionProperties) = preSolution
		HideSolutionNode = FALSE
	EndGlobalSection
	GlobalSection(ExtensibilityGlobals) = postSolution
		SolutionGuid = {0C2020D4-DED8-4862-9D27-9781A7904696}
	EndGlobalSection
EndGlobal
